// !$*UTF8*$!
{
	archiveVersion = 1;
	classes = {
	};
	objectVersion = 55;
	objects = {

/* Begin PBXBuildFile section */
		65F64055DD6FDB448E5FB076 /* Pods_MemoryMoment_MemoryMomentUITests.framework in Frameworks */ = {isa = PBXBuildFile; fileRef = DB3DA9F12CED5DE48B8E3F6E /* Pods_MemoryMoment_MemoryMomentUITests.framework */; };
		7D8C449D056E71592228DC51 /* Pods_MemoryMomentTests.framework in Frameworks */ = {isa = PBXBuildFile; fileRef = 7D50D826C92773BB65A0F4DE /* Pods_MemoryMomentTests.framework */; };
		D1977D7B121F9C12C5EFB17C /* Pods_MemoryMoment.framework in Frameworks */ = {isa = PBXBuildFile; fileRef = 85687B86CB87862242FA50D6 /* Pods_MemoryMoment.framework */; };
		FA43ED7B297A45E4000DA9BD /* AppDelegate.swift in Sources */ = {isa = PBXBuildFile; fileRef = FA43ED7A297A45E4000DA9BD /* AppDelegate.swift */; };
		FA43ED7D297A45E4000DA9BD /* SceneDelegate.swift in Sources */ = {isa = PBXBuildFile; fileRef = FA43ED7C297A45E4000DA9BD /* SceneDelegate.swift */; };
		FA43ED87297A45E5000DA9BD /* Assets.xcassets in Resources */ = {isa = PBXBuildFile; fileRef = FA43ED86297A45E5000DA9BD /* Assets.xcassets */; };
		FA43ED8A297A45E5000DA9BD /* LaunchScreen.storyboard in Resources */ = {isa = PBXBuildFile; fileRef = FA43ED88297A45E5000DA9BD /* LaunchScreen.storyboard */; };
		FA43ED95297A45E6000DA9BD /* MemoryMomentTests.swift in Sources */ = {isa = PBXBuildFile; fileRef = FA43ED94297A45E6000DA9BD /* MemoryMomentTests.swift */; };
		FA43ED9F297A45E6000DA9BD /* MemoryMomentUITests.swift in Sources */ = {isa = PBXBuildFile; fileRef = FA43ED9E297A45E6000DA9BD /* MemoryMomentUITests.swift */; };
		FA43EDA1297A45E6000DA9BD /* MemoryMomentUITestsLaunchTests.swift in Sources */ = {isa = PBXBuildFile; fileRef = FA43EDA0297A45E6000DA9BD /* MemoryMomentUITestsLaunchTests.swift */; };
		FA798A17297FC2C2003FAD3F /* DIARYDATA+CoreDataClass.swift in Sources */ = {isa = PBXBuildFile; fileRef = FA798A15297FC2C2003FAD3F /* DIARYDATA+CoreDataClass.swift */; };
		FA798A18297FC2C2003FAD3F /* MEMODATA+CoreDataClass.swift in Sources */ = {isa = PBXBuildFile; fileRef = FA798A16297FC2C2003FAD3F /* MEMODATA+CoreDataClass.swift */; };
		FA798A1B297FC2CC003FAD3F /* MEMODATA+CoreDataProperties.swift in Sources */ = {isa = PBXBuildFile; fileRef = FA798A1A297FC2CC003FAD3F /* MEMODATA+CoreDataProperties.swift */; };
		FA798A1C297FC2CC003FAD3F /* DIARYDATA+CoreDataProperties.swift in Sources */ = {isa = PBXBuildFile; fileRef = FA798A19297FC2CC003FAD3F /* DIARYDATA+CoreDataProperties.swift */; };
		FA798A1E2980FE10003FAD3F /* FontChangeViewController.swift in Sources */ = {isa = PBXBuildFile; fileRef = FA798A1D2980FE10003FAD3F /* FontChangeViewController.swift */; };
		FA798A2029810408003FAD3F /* OpenSourceViewController.swift in Sources */ = {isa = PBXBuildFile; fileRef = FA798A1F29810407003FAD3F /* OpenSourceViewController.swift */; };
		FA798A2A29810D17003FAD3F /* FontChangeTableViewCell.swift in Sources */ = {isa = PBXBuildFile; fileRef = FA798A2929810D17003FAD3F /* FontChangeTableViewCell.swift */; };
		FA798A2C2981111C003FAD3F /* UIFont.swift in Sources */ = {isa = PBXBuildFile; fileRef = FA798A2B2981111C003FAD3F /* UIFont.swift */; };
		FA798A342981204A003FAD3F /* KOTRA HOPE.otf in Resources */ = {isa = PBXBuildFile; fileRef = FA798A3029811D59003FAD3F /* KOTRA HOPE.otf */; };
		FA798A352981204A003FAD3F /* LeeSeoyun.otf in Resources */ = {isa = PBXBuildFile; fileRef = FA798A2D29811D59003FAD3F /* LeeSeoyun.otf */; };
		FA798A362981204A003FAD3F /* KyoboHandwriting2021sjy.otf in Resources */ = {isa = PBXBuildFile; fileRef = FA798A3329811D59003FAD3F /* KyoboHandwriting2021sjy.otf */; };
		FA798A382981204A003FAD3F /* Maplestory OTF Light.otf in Resources */ = {isa = PBXBuildFile; fileRef = FA798A3129811D59003FAD3F /* Maplestory OTF Light.otf */; };
		FA798A3A2981204A003FAD3F /* JalnanOTF.otf in Resources */ = {isa = PBXBuildFile; fileRef = FA798A2F29811D59003FAD3F /* JalnanOTF.otf */; };
		FA798A3C2981267B003FAD3F /* FontManager.swift in Sources */ = {isa = PBXBuildFile; fileRef = FA798A3B2981267B003FAD3F /* FontManager.swift */; };
		FA798A40298246D8003FAD3F /* OpenSourceTableViewCell.swift in Sources */ = {isa = PBXBuildFile; fileRef = FA798A3F298246D8003FAD3F /* OpenSourceTableViewCell.swift */; };
		FA798A4229824D9B003FAD3F /* UIViewController.swift in Sources */ = {isa = PBXBuildFile; fileRef = FA798A4129824D9B003FAD3F /* UIViewController.swift */; };
		FA798A4529824E1C003FAD3F /* IndicatorView.swift in Sources */ = {isa = PBXBuildFile; fileRef = FA798A4429824E1C003FAD3F /* IndicatorView.swift */; };
		FA798A4729825B6F003FAD3F /* LisenseManager.swift in Sources */ = {isa = PBXBuildFile; fileRef = FA798A4629825B6F003FAD3F /* LisenseManager.swift */; };
		FA798A4D29826223003FAD3F /* DetailLisenseViewController.swift in Sources */ = {isa = PBXBuildFile; fileRef = FA798A4C29826223003FAD3F /* DetailLisenseViewController.swift */; };
		FA93494C297BAE4E00B77A41 /* UIImage.swift in Sources */ = {isa = PBXBuildFile; fileRef = FA93494B297BAE4E00B77A41 /* UIImage.swift */; };
		FA93494E297BB2EA00B77A41 /* UIView.swift in Sources */ = {isa = PBXBuildFile; fileRef = FA93494D297BB2EA00B77A41 /* UIView.swift */; };
		FA934950297BC1F200B77A41 /* MemoTableViewCell.swift in Sources */ = {isa = PBXBuildFile; fileRef = FA93494F297BC1F200B77A41 /* MemoTableViewCell.swift */; };
		FA934952297BC37200B77A41 /* CALayer.swift in Sources */ = {isa = PBXBuildFile; fileRef = FA934951297BC37200B77A41 /* CALayer.swift */; };
		FA934954297BC44D00B77A41 /* UIColor.swift in Sources */ = {isa = PBXBuildFile; fileRef = FA934953297BC44D00B77A41 /* UIColor.swift */; };
		FA934956297BC84300B77A41 /* AddMemoViewController.swift in Sources */ = {isa = PBXBuildFile; fileRef = FA934955297BC84300B77A41 /* AddMemoViewController.swift */; };
		FA93495E297D1D7A00B77A41 /* firstStartAppFunc.swift in Sources */ = {isa = PBXBuildFile; fileRef = FA93495D297D1D7A00B77A41 /* firstStartAppFunc.swift */; };
		FA934964297D286D00B77A41 /* UINavigationController.swift in Sources */ = {isa = PBXBuildFile; fileRef = FA934963297D286D00B77A41 /* UINavigationController.swift */; };
		FA934968297E5F7E00B77A41 /* ModiMemoViewController.swift in Sources */ = {isa = PBXBuildFile; fileRef = FA934967297E5F7E00B77A41 /* ModiMemoViewController.swift */; };
		FA93497E297FBC9B00B77A41 /* MemoryMoment.xcdatamodeld in Sources */ = {isa = PBXBuildFile; fileRef = FA93497C297FBC9B00B77A41 /* MemoryMoment.xcdatamodeld */; };
		FAC598B7297B8BCF00E67AEF /* TabBarViewController.swift in Sources */ = {isa = PBXBuildFile; fileRef = FAC598B6297B8BCF00E67AEF /* TabBarViewController.swift */; };
		FAC598B9297B8C1200E67AEF /* MemoViewController.swift in Sources */ = {isa = PBXBuildFile; fileRef = FAC598B8297B8C1200E67AEF /* MemoViewController.swift */; };
		FAC598BB297B8C3300E67AEF /* DiaryViewController.swift in Sources */ = {isa = PBXBuildFile; fileRef = FAC598BA297B8C3300E67AEF /* DiaryViewController.swift */; };
		FAC598BD297B8C4700E67AEF /* SettingViewController.swift in Sources */ = {isa = PBXBuildFile; fileRef = FAC598BC297B8C4700E67AEF /* SettingViewController.swift */; };
/* End PBXBuildFile section */

/* Begin PBXContainerItemProxy section */
		FA43ED91297A45E6000DA9BD /* PBXContainerItemProxy */ = {
			isa = PBXContainerItemProxy;
			containerPortal = FA43ED6F297A45E4000DA9BD /* Project object */;
			proxyType = 1;
			remoteGlobalIDString = FA43ED76297A45E4000DA9BD;
			remoteInfo = MemoryMoment;
		};
		FA43ED9B297A45E6000DA9BD /* PBXContainerItemProxy */ = {
			isa = PBXContainerItemProxy;
			containerPortal = FA43ED6F297A45E4000DA9BD /* Project object */;
			proxyType = 1;
			remoteGlobalIDString = FA43ED76297A45E4000DA9BD;
			remoteInfo = MemoryMoment;
		};
/* End PBXContainerItemProxy section */

/* Begin PBXCopyFilesBuildPhase section */
		FA798A8B2991F5AF003FAD3F /* Embed Foundation Extensions */ = {
			isa = PBXCopyFilesBuildPhase;
			buildActionMask = 2147483647;
			dstPath = "";
			dstSubfolderSpec = 13;
			files = (
			);
			name = "Embed Foundation Extensions";
			runOnlyForDeploymentPostprocessing = 0;
		};
/* End PBXCopyFilesBuildPhase section */

/* Begin PBXFileReference section */
		75F2261A2B14C44DFECA8D94 /* Pods-MemoryMoment-MemoryMomentUITests.release.xcconfig */ = {isa = PBXFileReference; includeInIndex = 1; lastKnownFileType = text.xcconfig; name = "Pods-MemoryMoment-MemoryMomentUITests.release.xcconfig"; path = "Target Support Files/Pods-MemoryMoment-MemoryMomentUITests/Pods-MemoryMoment-MemoryMomentUITests.release.xcconfig"; sourceTree = "<group>"; };
		7D50D826C92773BB65A0F4DE /* Pods_MemoryMomentTests.framework */ = {isa = PBXFileReference; explicitFileType = wrapper.framework; includeInIndex = 0; path = Pods_MemoryMomentTests.framework; sourceTree = BUILT_PRODUCTS_DIR; };
		8221759BA5D9F182C349B14D /* Pods-MemoryMoment-MemoryMomentUITests.debug.xcconfig */ = {isa = PBXFileReference; includeInIndex = 1; lastKnownFileType = text.xcconfig; name = "Pods-MemoryMoment-MemoryMomentUITests.debug.xcconfig"; path = "Target Support Files/Pods-MemoryMoment-MemoryMomentUITests/Pods-MemoryMoment-MemoryMomentUITests.debug.xcconfig"; sourceTree = "<group>"; };
		85687B86CB87862242FA50D6 /* Pods_MemoryMoment.framework */ = {isa = PBXFileReference; explicitFileType = wrapper.framework; includeInIndex = 0; path = Pods_MemoryMoment.framework; sourceTree = BUILT_PRODUCTS_DIR; };
		8D4E7F07A7C9D8B761002156 /* Pods-MemoryMoment.release.xcconfig */ = {isa = PBXFileReference; includeInIndex = 1; lastKnownFileType = text.xcconfig; name = "Pods-MemoryMoment.release.xcconfig"; path = "Target Support Files/Pods-MemoryMoment/Pods-MemoryMoment.release.xcconfig"; sourceTree = "<group>"; };
		A9AF8849919339F5FECA8016 /* Pods-MemoryMomentTests.release.xcconfig */ = {isa = PBXFileReference; includeInIndex = 1; lastKnownFileType = text.xcconfig; name = "Pods-MemoryMomentTests.release.xcconfig"; path = "Target Support Files/Pods-MemoryMomentTests/Pods-MemoryMomentTests.release.xcconfig"; sourceTree = "<group>"; };
		B6096B9C187527C78B8CC134 /* Pods-MemoryMomentTests.debug.xcconfig */ = {isa = PBXFileReference; includeInIndex = 1; lastKnownFileType = text.xcconfig; name = "Pods-MemoryMomentTests.debug.xcconfig"; path = "Target Support Files/Pods-MemoryMomentTests/Pods-MemoryMomentTests.debug.xcconfig"; sourceTree = "<group>"; };
		DB3DA9F12CED5DE48B8E3F6E /* Pods_MemoryMoment_MemoryMomentUITests.framework */ = {isa = PBXFileReference; explicitFileType = wrapper.framework; includeInIndex = 0; path = Pods_MemoryMoment_MemoryMomentUITests.framework; sourceTree = BUILT_PRODUCTS_DIR; };
		F29789B6B158922F9AF31DBD /* Pods-MemoryMoment.debug.xcconfig */ = {isa = PBXFileReference; includeInIndex = 1; lastKnownFileType = text.xcconfig; name = "Pods-MemoryMoment.debug.xcconfig"; path = "Target Support Files/Pods-MemoryMoment/Pods-MemoryMoment.debug.xcconfig"; sourceTree = "<group>"; };
		FA43ED77297A45E4000DA9BD /* MemoryMoment.app */ = {isa = PBXFileReference; explicitFileType = wrapper.application; includeInIndex = 0; path = MemoryMoment.app; sourceTree = BUILT_PRODUCTS_DIR; };
		FA43ED7A297A45E4000DA9BD /* AppDelegate.swift */ = {isa = PBXFileReference; lastKnownFileType = sourcecode.swift; path = AppDelegate.swift; sourceTree = "<group>"; };
		FA43ED7C297A45E4000DA9BD /* SceneDelegate.swift */ = {isa = PBXFileReference; lastKnownFileType = sourcecode.swift; path = SceneDelegate.swift; sourceTree = "<group>"; };
		FA43ED86297A45E5000DA9BD /* Assets.xcassets */ = {isa = PBXFileReference; lastKnownFileType = folder.assetcatalog; path = Assets.xcassets; sourceTree = "<group>"; };
		FA43ED89297A45E5000DA9BD /* Base */ = {isa = PBXFileReference; lastKnownFileType = file.storyboard; name = Base; path = Base.lproj/LaunchScreen.storyboard; sourceTree = "<group>"; };
		FA43ED8B297A45E5000DA9BD /* Info.plist */ = {isa = PBXFileReference; lastKnownFileType = text.plist.xml; path = Info.plist; sourceTree = "<group>"; };
		FA43ED90297A45E6000DA9BD /* MemoryMomentTests.xctest */ = {isa = PBXFileReference; explicitFileType = wrapper.cfbundle; includeInIndex = 0; path = MemoryMomentTests.xctest; sourceTree = BUILT_PRODUCTS_DIR; };
		FA43ED94297A45E6000DA9BD /* MemoryMomentTests.swift */ = {isa = PBXFileReference; lastKnownFileType = sourcecode.swift; path = MemoryMomentTests.swift; sourceTree = "<group>"; };
		FA43ED9A297A45E6000DA9BD /* MemoryMomentUITests.xctest */ = {isa = PBXFileReference; explicitFileType = wrapper.cfbundle; includeInIndex = 0; path = MemoryMomentUITests.xctest; sourceTree = BUILT_PRODUCTS_DIR; };
		FA43ED9E297A45E6000DA9BD /* MemoryMomentUITests.swift */ = {isa = PBXFileReference; lastKnownFileType = sourcecode.swift; path = MemoryMomentUITests.swift; sourceTree = "<group>"; };
		FA43EDA0297A45E6000DA9BD /* MemoryMomentUITestsLaunchTests.swift */ = {isa = PBXFileReference; lastKnownFileType = sourcecode.swift; path = MemoryMomentUITestsLaunchTests.swift; sourceTree = "<group>"; };
		FA798A15297FC2C2003FAD3F /* DIARYDATA+CoreDataClass.swift */ = {isa = PBXFileReference; fileEncoding = 4; lastKnownFileType = sourcecode.swift; name = "DIARYDATA+CoreDataClass.swift"; path = "../DIARYDATA+CoreDataClass.swift"; sourceTree = "<group>"; };
		FA798A16297FC2C2003FAD3F /* MEMODATA+CoreDataClass.swift */ = {isa = PBXFileReference; fileEncoding = 4; lastKnownFileType = sourcecode.swift; name = "MEMODATA+CoreDataClass.swift"; path = "../MEMODATA+CoreDataClass.swift"; sourceTree = "<group>"; };
		FA798A19297FC2CC003FAD3F /* DIARYDATA+CoreDataProperties.swift */ = {isa = PBXFileReference; lastKnownFileType = sourcecode.swift; name = "DIARYDATA+CoreDataProperties.swift"; path = "/Users/wooseob/git/MemoryMoment/DIARYDATA+CoreDataProperties.swift"; sourceTree = "<absolute>"; };
		FA798A1A297FC2CC003FAD3F /* MEMODATA+CoreDataProperties.swift */ = {isa = PBXFileReference; lastKnownFileType = sourcecode.swift; name = "MEMODATA+CoreDataProperties.swift"; path = "/Users/wooseob/git/MemoryMoment/MEMODATA+CoreDataProperties.swift"; sourceTree = "<absolute>"; };
		FA798A1D2980FE10003FAD3F /* FontChangeViewController.swift */ = {isa = PBXFileReference; lastKnownFileType = sourcecode.swift; path = FontChangeViewController.swift; sourceTree = "<group>"; };
		FA798A1F29810407003FAD3F /* OpenSourceViewController.swift */ = {isa = PBXFileReference; lastKnownFileType = sourcecode.swift; path = OpenSourceViewController.swift; sourceTree = "<group>"; };
		FA798A2929810D17003FAD3F /* FontChangeTableViewCell.swift */ = {isa = PBXFileReference; lastKnownFileType = sourcecode.swift; path = FontChangeTableViewCell.swift; sourceTree = "<group>"; };
		FA798A2B2981111C003FAD3F /* UIFont.swift */ = {isa = PBXFileReference; lastKnownFileType = sourcecode.swift; path = UIFont.swift; sourceTree = "<group>"; };
		FA798A2D29811D59003FAD3F /* LeeSeoyun.otf */ = {isa = PBXFileReference; lastKnownFileType = file; name = LeeSeoyun.otf; path = "../../../../../../Downloads/MemoryMoment글꼴/LeeSeoyun.otf"; sourceTree = "<group>"; };
		FA798A2F29811D59003FAD3F /* JalnanOTF.otf */ = {isa = PBXFileReference; lastKnownFileType = file; name = JalnanOTF.otf; path = "../../../../../../Downloads/MemoryMoment글꼴/JalnanOTF.otf"; sourceTree = "<group>"; };
		FA798A3029811D59003FAD3F /* KOTRA HOPE.otf */ = {isa = PBXFileReference; lastKnownFileType = file; name = "KOTRA HOPE.otf"; path = "../../../../../../Downloads/MemoryMoment글꼴/KOTRA HOPE.otf"; sourceTree = "<group>"; };
		FA798A3129811D59003FAD3F /* Maplestory OTF Light.otf */ = {isa = PBXFileReference; lastKnownFileType = file; name = "Maplestory OTF Light.otf"; path = "../../../../../../Downloads/MemoryMoment글꼴/Maplestory OTF Light.otf"; sourceTree = "<group>"; };
		FA798A3329811D59003FAD3F /* KyoboHandwriting2021sjy.otf */ = {isa = PBXFileReference; lastKnownFileType = file; name = KyoboHandwriting2021sjy.otf; path = "../../../../../../Downloads/MemoryMoment글꼴/KyoboHandwriting2021sjy.otf"; sourceTree = "<group>"; };
		FA798A3B2981267B003FAD3F /* FontManager.swift */ = {isa = PBXFileReference; lastKnownFileType = sourcecode.swift; path = FontManager.swift; sourceTree = "<group>"; };
		FA798A3F298246D8003FAD3F /* OpenSourceTableViewCell.swift */ = {isa = PBXFileReference; lastKnownFileType = sourcecode.swift; path = OpenSourceTableViewCell.swift; sourceTree = "<group>"; };
		FA798A4129824D9B003FAD3F /* UIViewController.swift */ = {isa = PBXFileReference; lastKnownFileType = sourcecode.swift; path = UIViewController.swift; sourceTree = "<group>"; };
		FA798A4429824E1C003FAD3F /* IndicatorView.swift */ = {isa = PBXFileReference; lastKnownFileType = sourcecode.swift; path = IndicatorView.swift; sourceTree = "<group>"; };
		FA798A4629825B6F003FAD3F /* LisenseManager.swift */ = {isa = PBXFileReference; lastKnownFileType = sourcecode.swift; path = LisenseManager.swift; sourceTree = "<group>"; };
		FA798A4C29826223003FAD3F /* DetailLisenseViewController.swift */ = {isa = PBXFileReference; lastKnownFileType = sourcecode.swift; path = DetailLisenseViewController.swift; sourceTree = "<group>"; };
		FA798A742991F5AC003FAD3F /* WidgetKit.framework */ = {isa = PBXFileReference; lastKnownFileType = wrapper.framework; name = WidgetKit.framework; path = System/Library/Frameworks/WidgetKit.framework; sourceTree = SDKROOT; };
		FA798A762991F5AD003FAD3F /* SwiftUI.framework */ = {isa = PBXFileReference; lastKnownFileType = wrapper.framework; name = SwiftUI.framework; path = System/Library/Frameworks/SwiftUI.framework; sourceTree = SDKROOT; };
		FA93494B297BAE4E00B77A41 /* UIImage.swift */ = {isa = PBXFileReference; lastKnownFileType = sourcecode.swift; path = UIImage.swift; sourceTree = "<group>"; };
		FA93494D297BB2EA00B77A41 /* UIView.swift */ = {isa = PBXFileReference; lastKnownFileType = sourcecode.swift; path = UIView.swift; sourceTree = "<group>"; };
		FA93494F297BC1F200B77A41 /* MemoTableViewCell.swift */ = {isa = PBXFileReference; lastKnownFileType = sourcecode.swift; path = MemoTableViewCell.swift; sourceTree = "<group>"; };
		FA934951297BC37200B77A41 /* CALayer.swift */ = {isa = PBXFileReference; lastKnownFileType = sourcecode.swift; path = CALayer.swift; sourceTree = "<group>"; };
		FA934953297BC44D00B77A41 /* UIColor.swift */ = {isa = PBXFileReference; lastKnownFileType = sourcecode.swift; path = UIColor.swift; sourceTree = "<group>"; };
		FA934955297BC84300B77A41 /* AddMemoViewController.swift */ = {isa = PBXFileReference; lastKnownFileType = sourcecode.swift; path = AddMemoViewController.swift; sourceTree = "<group>"; };
		FA93495D297D1D7A00B77A41 /* firstStartAppFunc.swift */ = {isa = PBXFileReference; lastKnownFileType = sourcecode.swift; path = firstStartAppFunc.swift; sourceTree = "<group>"; };
		FA934963297D286D00B77A41 /* UINavigationController.swift */ = {isa = PBXFileReference; lastKnownFileType = sourcecode.swift; path = UINavigationController.swift; sourceTree = "<group>"; };
		FA934967297E5F7E00B77A41 /* ModiMemoViewController.swift */ = {isa = PBXFileReference; lastKnownFileType = sourcecode.swift; path = ModiMemoViewController.swift; sourceTree = "<group>"; };
		FA93497D297FBC9B00B77A41 /* MemoryMoment.xcdatamodel */ = {isa = PBXFileReference; lastKnownFileType = wrapper.xcdatamodel; path = MemoryMoment.xcdatamodel; sourceTree = "<group>"; };
		FAC598B6297B8BCF00E67AEF /* TabBarViewController.swift */ = {isa = PBXFileReference; lastKnownFileType = sourcecode.swift; path = TabBarViewController.swift; sourceTree = "<group>"; };
		FAC598B8297B8C1200E67AEF /* MemoViewController.swift */ = {isa = PBXFileReference; lastKnownFileType = sourcecode.swift; path = MemoViewController.swift; sourceTree = "<group>"; };
		FAC598BA297B8C3300E67AEF /* DiaryViewController.swift */ = {isa = PBXFileReference; lastKnownFileType = sourcecode.swift; path = DiaryViewController.swift; sourceTree = "<group>"; };
		FAC598BC297B8C4700E67AEF /* SettingViewController.swift */ = {isa = PBXFileReference; lastKnownFileType = sourcecode.swift; path = SettingViewController.swift; sourceTree = "<group>"; };
/* End PBXFileReference section */

/* Begin PBXFrameworksBuildPhase section */
		FA43ED74297A45E4000DA9BD /* Frameworks */ = {
			isa = PBXFrameworksBuildPhase;
			buildActionMask = 2147483647;
			files = (
				D1977D7B121F9C12C5EFB17C /* Pods_MemoryMoment.framework in Frameworks */,
			);
			runOnlyForDeploymentPostprocessing = 0;
		};
		FA43ED8D297A45E6000DA9BD /* Frameworks */ = {
			isa = PBXFrameworksBuildPhase;
			buildActionMask = 2147483647;
			files = (
				7D8C449D056E71592228DC51 /* Pods_MemoryMomentTests.framework in Frameworks */,
			);
			runOnlyForDeploymentPostprocessing = 0;
		};
		FA43ED97297A45E6000DA9BD /* Frameworks */ = {
			isa = PBXFrameworksBuildPhase;
			buildActionMask = 2147483647;
			files = (
				65F64055DD6FDB448E5FB076 /* Pods_MemoryMoment_MemoryMomentUITests.framework in Frameworks */,
			);
			runOnlyForDeploymentPostprocessing = 0;
		};
/* End PBXFrameworksBuildPhase section */

/* Begin PBXGroup section */
		0F79E416A6EAAA4B4D915FA4 /* Frameworks */ = {
			isa = PBXGroup;
			children = (
				85687B86CB87862242FA50D6 /* Pods_MemoryMoment.framework */,
				DB3DA9F12CED5DE48B8E3F6E /* Pods_MemoryMoment_MemoryMomentUITests.framework */,
				7D50D826C92773BB65A0F4DE /* Pods_MemoryMomentTests.framework */,
				FA798A742991F5AC003FAD3F /* WidgetKit.framework */,
				FA798A762991F5AD003FAD3F /* SwiftUI.framework */,
			);
			name = Frameworks;
			sourceTree = "<group>";
		};
		7001393050BA689E152291FC /* Pods */ = {
			isa = PBXGroup;
			children = (
				F29789B6B158922F9AF31DBD /* Pods-MemoryMoment.debug.xcconfig */,
				8D4E7F07A7C9D8B761002156 /* Pods-MemoryMoment.release.xcconfig */,
				8221759BA5D9F182C349B14D /* Pods-MemoryMoment-MemoryMomentUITests.debug.xcconfig */,
				75F2261A2B14C44DFECA8D94 /* Pods-MemoryMoment-MemoryMomentUITests.release.xcconfig */,
				B6096B9C187527C78B8CC134 /* Pods-MemoryMomentTests.debug.xcconfig */,
				A9AF8849919339F5FECA8016 /* Pods-MemoryMomentTests.release.xcconfig */,
			);
			path = Pods;
			sourceTree = "<group>";
		};
		FA43ED6E297A45E4000DA9BD = {
			isa = PBXGroup;
			children = (
				FA93497C297FBC9B00B77A41 /* MemoryMoment.xcdatamodeld */,
				FA43ED79297A45E4000DA9BD /* MemoryMoment */,
				FA43ED93297A45E6000DA9BD /* MemoryMomentTests */,
				FA43ED9D297A45E6000DA9BD /* MemoryMomentUITests */,
				FA43ED78297A45E4000DA9BD /* Products */,
				7001393050BA689E152291FC /* Pods */,
				0F79E416A6EAAA4B4D915FA4 /* Frameworks */,
			);
			sourceTree = "<group>";
		};
		FA43ED78297A45E4000DA9BD /* Products */ = {
			isa = PBXGroup;
			children = (
				FA43ED77297A45E4000DA9BD /* MemoryMoment.app */,
				FA43ED90297A45E6000DA9BD /* MemoryMomentTests.xctest */,
				FA43ED9A297A45E6000DA9BD /* MemoryMomentUITests.xctest */,
			);
			name = Products;
			sourceTree = "<group>";
		};
		FA43ED79297A45E4000DA9BD /* MemoryMoment */ = {
			isa = PBXGroup;
			children = (
				FA798A4329824E00003FAD3F /* CustomClass */,
				FA798A1A297FC2CC003FAD3F /* MEMODATA+CoreDataProperties.swift */,
				FA798A19297FC2CC003FAD3F /* DIARYDATA+CoreDataProperties.swift */,
				FA798A15297FC2C2003FAD3F /* DIARYDATA+CoreDataClass.swift */,
				FA798A16297FC2C2003FAD3F /* MEMODATA+CoreDataClass.swift */,
				FA93494A297BAAE400B77A41 /* Extension */,
				FAC598B6297B8BCF00E67AEF /* TabBarViewController.swift */,
				FAC598BE297B8C5600E67AEF /* Pages */,
				FA43ED7A297A45E4000DA9BD /* AppDelegate.swift */,
				FA43ED7C297A45E4000DA9BD /* SceneDelegate.swift */,
				FA43ED86297A45E5000DA9BD /* Assets.xcassets */,
				FA43ED88297A45E5000DA9BD /* LaunchScreen.storyboard */,
				FA43ED8B297A45E5000DA9BD /* Info.plist */,
				FA93495D297D1D7A00B77A41 /* firstStartAppFunc.swift */,
			);
			path = MemoryMoment;
			sourceTree = "<group>";
		};
		FA43ED93297A45E6000DA9BD /* MemoryMomentTests */ = {
			isa = PBXGroup;
			children = (
				FA43ED94297A45E6000DA9BD /* MemoryMomentTests.swift */,
			);
			path = MemoryMomentTests;
			sourceTree = "<group>";
		};
		FA43ED9D297A45E6000DA9BD /* MemoryMomentUITests */ = {
			isa = PBXGroup;
			children = (
				FA43ED9E297A45E6000DA9BD /* MemoryMomentUITests.swift */,
				FA43EDA0297A45E6000DA9BD /* MemoryMomentUITestsLaunchTests.swift */,
			);
			path = MemoryMomentUITests;
			sourceTree = "<group>";
		};
		FA798A2129810A24003FAD3F /* Font */ = {
			isa = PBXGroup;
			children = (
				FA798A2F29811D59003FAD3F /* JalnanOTF.otf */,
				FA798A3029811D59003FAD3F /* KOTRA HOPE.otf */,
				FA798A3329811D59003FAD3F /* KyoboHandwriting2021sjy.otf */,
				FA798A2D29811D59003FAD3F /* LeeSeoyun.otf */,
				FA798A3129811D59003FAD3F /* Maplestory OTF Light.otf */,
				FA798A3B2981267B003FAD3F /* FontManager.swift */,
			);
			path = Font;
			sourceTree = "<group>";
		};
		FA798A3D298244F9003FAD3F /* FontChangeVC */ = {
			isa = PBXGroup;
			children = (
				FA798A1D2980FE10003FAD3F /* FontChangeViewController.swift */,
				FA798A2929810D17003FAD3F /* FontChangeTableViewCell.swift */,
			);
			path = FontChangeVC;
			sourceTree = "<group>";
		};
		FA798A3E29824505003FAD3F /* OpenSourceVC */ = {
			isa = PBXGroup;
			children = (
				FA798A1F29810407003FAD3F /* OpenSourceViewController.swift */,
				FA798A3F298246D8003FAD3F /* OpenSourceTableViewCell.swift */,
				FA798A4C29826223003FAD3F /* DetailLisenseViewController.swift */,
				FA798A4629825B6F003FAD3F /* LisenseManager.swift */,
			);
			path = OpenSourceVC;
			sourceTree = "<group>";
		};
		FA798A4329824E00003FAD3F /* CustomClass */ = {
			isa = PBXGroup;
			children = (
				FA798A4429824E1C003FAD3F /* IndicatorView.swift */,
			);
			path = CustomClass;
			sourceTree = "<group>";
		};
		FA93494A297BAAE400B77A41 /* Extension */ = {
			isa = PBXGroup;
			children = (
				FA93494B297BAE4E00B77A41 /* UIImage.swift */,
				FA93494D297BB2EA00B77A41 /* UIView.swift */,
				FA934951297BC37200B77A41 /* CALayer.swift */,
				FA934953297BC44D00B77A41 /* UIColor.swift */,
				FA934963297D286D00B77A41 /* UINavigationController.swift */,
				FA798A2B2981111C003FAD3F /* UIFont.swift */,
				FA798A4129824D9B003FAD3F /* UIViewController.swift */,
			);
			name = Extension;
			sourceTree = "<group>";
		};
		FA934965297D48FC00B77A41 /* MEMO */ = {
			isa = PBXGroup;
			children = (
				FAC598B8297B8C1200E67AEF /* MemoViewController.swift */,
				FA934967297E5F7E00B77A41 /* ModiMemoViewController.swift */,
				FA934955297BC84300B77A41 /* AddMemoViewController.swift */,
				FA93494F297BC1F200B77A41 /* MemoTableViewCell.swift */,
			);
			path = MEMO;
			sourceTree = "<group>";
		};
		FA934966297D490600B77A41 /* DIARY */ = {
			isa = PBXGroup;
			children = (
				FAC598BA297B8C3300E67AEF /* DiaryViewController.swift */,
			);
			path = DIARY;
			sourceTree = "<group>";
		};
		FA934969297E7FBE00B77A41 /* Setting */ = {
			isa = PBXGroup;
			children = (
				FA798A2129810A24003FAD3F /* Font */,
				FAC598BC297B8C4700E67AEF /* SettingViewController.swift */,
				FA798A3D298244F9003FAD3F /* FontChangeVC */,
				FA798A3E29824505003FAD3F /* OpenSourceVC */,
			);
			path = Setting;
			sourceTree = "<group>";
		};
		FAC598BE297B8C5600E67AEF /* Pages */ = {
			isa = PBXGroup;
			children = (
				FA934965297D48FC00B77A41 /* MEMO */,
				FA934966297D490600B77A41 /* DIARY */,
				FA934969297E7FBE00B77A41 /* Setting */,
			);
			path = Pages;
			sourceTree = "<group>";
		};
/* End PBXGroup section */

/* Begin PBXNativeTarget section */
		FA43ED76297A45E4000DA9BD /* MemoryMoment */ = {
			isa = PBXNativeTarget;
			buildConfigurationList = FA43EDA4297A45E6000DA9BD /* Build configuration list for PBXNativeTarget "MemoryMoment" */;
			buildPhases = (
				844DBD76A47599EEF6C99D14 /* [CP] Check Pods Manifest.lock */,
				FA43ED73297A45E4000DA9BD /* Sources */,
				FA43ED74297A45E4000DA9BD /* Frameworks */,
				FA43ED75297A45E4000DA9BD /* Resources */,
				D039ED7535D0CA20BAB9C6EA /* [CP] Embed Pods Frameworks */,
				FA798A8B2991F5AF003FAD3F /* Embed Foundation Extensions */,
			);
			buildRules = (
			);
			dependencies = (
			);
			name = MemoryMoment;
			productName = MemoryMoment;
			productReference = FA43ED77297A45E4000DA9BD /* MemoryMoment.app */;
			productType = "com.apple.product-type.application";
		};
		FA43ED8F297A45E6000DA9BD /* MemoryMomentTests */ = {
			isa = PBXNativeTarget;
			buildConfigurationList = FA43EDA7297A45E6000DA9BD /* Build configuration list for PBXNativeTarget "MemoryMomentTests" */;
			buildPhases = (
				5D334C441760D9252C13F05C /* [CP] Check Pods Manifest.lock */,
				FA43ED8C297A45E6000DA9BD /* Sources */,
				FA43ED8D297A45E6000DA9BD /* Frameworks */,
				FA43ED8E297A45E6000DA9BD /* Resources */,
			);
			buildRules = (
			);
			dependencies = (
				FA43ED92297A45E6000DA9BD /* PBXTargetDependency */,
			);
			name = MemoryMomentTests;
			productName = MemoryMomentTests;
			productReference = FA43ED90297A45E6000DA9BD /* MemoryMomentTests.xctest */;
			productType = "com.apple.product-type.bundle.unit-test";
		};
		FA43ED99297A45E6000DA9BD /* MemoryMomentUITests */ = {
			isa = PBXNativeTarget;
			buildConfigurationList = FA43EDAA297A45E6000DA9BD /* Build configuration list for PBXNativeTarget "MemoryMomentUITests" */;
			buildPhases = (
				5A25A52BA432A7B5191ACFD0 /* [CP] Check Pods Manifest.lock */,
				FA43ED96297A45E6000DA9BD /* Sources */,
				FA43ED97297A45E6000DA9BD /* Frameworks */,
				FA43ED98297A45E6000DA9BD /* Resources */,
				3915B419C80A39AEF9BDD176 /* [CP] Embed Pods Frameworks */,
			);
			buildRules = (
			);
			dependencies = (
				FA43ED9C297A45E6000DA9BD /* PBXTargetDependency */,
			);
			name = MemoryMomentUITests;
			productName = MemoryMomentUITests;
			productReference = FA43ED9A297A45E6000DA9BD /* MemoryMomentUITests.xctest */;
			productType = "com.apple.product-type.bundle.ui-testing";
		};
/* End PBXNativeTarget section */

/* Begin PBXProject section */
		FA43ED6F297A45E4000DA9BD /* Project object */ = {
			isa = PBXProject;
			attributes = {
				BuildIndependentTargetsInParallel = 1;
				LastSwiftUpdateCheck = 1410;
				LastUpgradeCheck = 1410;
				TargetAttributes = {
					FA43ED76297A45E4000DA9BD = {
						CreatedOnToolsVersion = 14.1;
					};
					FA43ED8F297A45E6000DA9BD = {
						CreatedOnToolsVersion = 14.1;
						TestTargetID = FA43ED76297A45E4000DA9BD;
					};
					FA43ED99297A45E6000DA9BD = {
						CreatedOnToolsVersion = 14.1;
						TestTargetID = FA43ED76297A45E4000DA9BD;
					};
				};
			};
			buildConfigurationList = FA43ED72297A45E4000DA9BD /* Build configuration list for PBXProject "MemoryMoment" */;
			compatibilityVersion = "Xcode 13.0";
			developmentRegion = en;
			hasScannedForEncodings = 0;
			knownRegions = (
				en,
				Base,
			);
			mainGroup = FA43ED6E297A45E4000DA9BD;
			productRefGroup = FA43ED78297A45E4000DA9BD /* Products */;
			projectDirPath = "";
			projectRoot = "";
			targets = (
				FA43ED76297A45E4000DA9BD /* MemoryMoment */,
				FA43ED8F297A45E6000DA9BD /* MemoryMomentTests */,
				FA43ED99297A45E6000DA9BD /* MemoryMomentUITests */,
			);
		};
/* End PBXProject section */

/* Begin PBXResourcesBuildPhase section */
		FA43ED75297A45E4000DA9BD /* Resources */ = {
			isa = PBXResourcesBuildPhase;
			buildActionMask = 2147483647;
			files = (
				FA43ED8A297A45E5000DA9BD /* LaunchScreen.storyboard in Resources */,
				FA798A352981204A003FAD3F /* LeeSeoyun.otf in Resources */,
				FA798A342981204A003FAD3F /* KOTRA HOPE.otf in Resources */,
				FA798A382981204A003FAD3F /* Maplestory OTF Light.otf in Resources */,
				FA43ED87297A45E5000DA9BD /* Assets.xcassets in Resources */,
				FA798A3A2981204A003FAD3F /* JalnanOTF.otf in Resources */,
				FA798A362981204A003FAD3F /* KyoboHandwriting2021sjy.otf in Resources */,
			);
			runOnlyForDeploymentPostprocessing = 0;
		};
		FA43ED8E297A45E6000DA9BD /* Resources */ = {
			isa = PBXResourcesBuildPhase;
			buildActionMask = 2147483647;
			files = (
			);
			runOnlyForDeploymentPostprocessing = 0;
		};
		FA43ED98297A45E6000DA9BD /* Resources */ = {
			isa = PBXResourcesBuildPhase;
			buildActionMask = 2147483647;
			files = (
			);
			runOnlyForDeploymentPostprocessing = 0;
		};
/* End PBXResourcesBuildPhase section */

/* Begin PBXShellScriptBuildPhase section */
		3915B419C80A39AEF9BDD176 /* [CP] Embed Pods Frameworks */ = {
			isa = PBXShellScriptBuildPhase;
			buildActionMask = 2147483647;
			files = (
			);
			inputFileListPaths = (
				"${PODS_ROOT}/Target Support Files/Pods-MemoryMoment-MemoryMomentUITests/Pods-MemoryMoment-MemoryMomentUITests-frameworks-${CONFIGURATION}-input-files.xcfilelist",
			);
			name = "[CP] Embed Pods Frameworks";
			outputFileListPaths = (
				"${PODS_ROOT}/Target Support Files/Pods-MemoryMoment-MemoryMomentUITests/Pods-MemoryMoment-MemoryMomentUITests-frameworks-${CONFIGURATION}-output-files.xcfilelist",
			);
			runOnlyForDeploymentPostprocessing = 0;
			shellPath = /bin/sh;
			shellScript = "\"${PODS_ROOT}/Target Support Files/Pods-MemoryMoment-MemoryMomentUITests/Pods-MemoryMoment-MemoryMomentUITests-frameworks.sh\"\n";
			showEnvVarsInLog = 0;
		};
		5A25A52BA432A7B5191ACFD0 /* [CP] Check Pods Manifest.lock */ = {
			isa = PBXShellScriptBuildPhase;
			buildActionMask = 2147483647;
			files = (
			);
			inputFileListPaths = (
			);
			inputPaths = (
				"${PODS_PODFILE_DIR_PATH}/Podfile.lock",
				"${PODS_ROOT}/Manifest.lock",
			);
			name = "[CP] Check Pods Manifest.lock";
			outputFileListPaths = (
			);
			outputPaths = (
				"$(DERIVED_FILE_DIR)/Pods-MemoryMoment-MemoryMomentUITests-checkManifestLockResult.txt",
			);
			runOnlyForDeploymentPostprocessing = 0;
			shellPath = /bin/sh;
			shellScript = "diff \"${PODS_PODFILE_DIR_PATH}/Podfile.lock\" \"${PODS_ROOT}/Manifest.lock\" > /dev/null\nif [ $? != 0 ] ; then\n    # print error to STDERR\n    echo \"error: The sandbox is not in sync with the Podfile.lock. Run 'pod install' or update your CocoaPods installation.\" >&2\n    exit 1\nfi\n# This output is used by Xcode 'outputs' to avoid re-running this script phase.\necho \"SUCCESS\" > \"${SCRIPT_OUTPUT_FILE_0}\"\n";
			showEnvVarsInLog = 0;
		};
		5D334C441760D9252C13F05C /* [CP] Check Pods Manifest.lock */ = {
			isa = PBXShellScriptBuildPhase;
			buildActionMask = 2147483647;
			files = (
			);
			inputFileListPaths = (
			);
			inputPaths = (
				"${PODS_PODFILE_DIR_PATH}/Podfile.lock",
				"${PODS_ROOT}/Manifest.lock",
			);
			name = "[CP] Check Pods Manifest.lock";
			outputFileListPaths = (
			);
			outputPaths = (
				"$(DERIVED_FILE_DIR)/Pods-MemoryMomentTests-checkManifestLockResult.txt",
			);
			runOnlyForDeploymentPostprocessing = 0;
			shellPath = /bin/sh;
			shellScript = "diff \"${PODS_PODFILE_DIR_PATH}/Podfile.lock\" \"${PODS_ROOT}/Manifest.lock\" > /dev/null\nif [ $? != 0 ] ; then\n    # print error to STDERR\n    echo \"error: The sandbox is not in sync with the Podfile.lock. Run 'pod install' or update your CocoaPods installation.\" >&2\n    exit 1\nfi\n# This output is used by Xcode 'outputs' to avoid re-running this script phase.\necho \"SUCCESS\" > \"${SCRIPT_OUTPUT_FILE_0}\"\n";
			showEnvVarsInLog = 0;
		};
		844DBD76A47599EEF6C99D14 /* [CP] Check Pods Manifest.lock */ = {
			isa = PBXShellScriptBuildPhase;
			buildActionMask = 2147483647;
			files = (
			);
			inputFileListPaths = (
			);
			inputPaths = (
				"${PODS_PODFILE_DIR_PATH}/Podfile.lock",
				"${PODS_ROOT}/Manifest.lock",
			);
			name = "[CP] Check Pods Manifest.lock";
			outputFileListPaths = (
			);
			outputPaths = (
				"$(DERIVED_FILE_DIR)/Pods-MemoryMoment-checkManifestLockResult.txt",
			);
			runOnlyForDeploymentPostprocessing = 0;
			shellPath = /bin/sh;
			shellScript = "diff \"${PODS_PODFILE_DIR_PATH}/Podfile.lock\" \"${PODS_ROOT}/Manifest.lock\" > /dev/null\nif [ $? != 0 ] ; then\n    # print error to STDERR\n    echo \"error: The sandbox is not in sync with the Podfile.lock. Run 'pod install' or update your CocoaPods installation.\" >&2\n    exit 1\nfi\n# This output is used by Xcode 'outputs' to avoid re-running this script phase.\necho \"SUCCESS\" > \"${SCRIPT_OUTPUT_FILE_0}\"\n";
			showEnvVarsInLog = 0;
		};
		D039ED7535D0CA20BAB9C6EA /* [CP] Embed Pods Frameworks */ = {
			isa = PBXShellScriptBuildPhase;
			buildActionMask = 2147483647;
			files = (
			);
			inputFileListPaths = (
				"${PODS_ROOT}/Target Support Files/Pods-MemoryMoment/Pods-MemoryMoment-frameworks-${CONFIGURATION}-input-files.xcfilelist",
			);
			name = "[CP] Embed Pods Frameworks";
			outputFileListPaths = (
				"${PODS_ROOT}/Target Support Files/Pods-MemoryMoment/Pods-MemoryMoment-frameworks-${CONFIGURATION}-output-files.xcfilelist",
			);
			runOnlyForDeploymentPostprocessing = 0;
			shellPath = /bin/sh;
			shellScript = "\"${PODS_ROOT}/Target Support Files/Pods-MemoryMoment/Pods-MemoryMoment-frameworks.sh\"\n";
			showEnvVarsInLog = 0;
		};
/* End PBXShellScriptBuildPhase section */

/* Begin PBXSourcesBuildPhase section */
		FA43ED73297A45E4000DA9BD /* Sources */ = {
			isa = PBXSourcesBuildPhase;
			buildActionMask = 2147483647;
			files = (
				FA43ED7B297A45E4000DA9BD /* AppDelegate.swift in Sources */,
				FA798A4D29826223003FAD3F /* DetailLisenseViewController.swift in Sources */,
				FA798A4729825B6F003FAD3F /* LisenseManager.swift in Sources */,
				FA798A18297FC2C2003FAD3F /* MEMODATA+CoreDataClass.swift in Sources */,
				FA798A4229824D9B003FAD3F /* UIViewController.swift in Sources */,
				FA934968297E5F7E00B77A41 /* ModiMemoViewController.swift in Sources */,
				FA798A1C297FC2CC003FAD3F /* DIARYDATA+CoreDataProperties.swift in Sources */,
				FA934954297BC44D00B77A41 /* UIColor.swift in Sources */,
				FA798A3C2981267B003FAD3F /* FontManager.swift in Sources */,
				FA93494C297BAE4E00B77A41 /* UIImage.swift in Sources */,
				FAC598B9297B8C1200E67AEF /* MemoViewController.swift in Sources */,
				FA934956297BC84300B77A41 /* AddMemoViewController.swift in Sources */,
				FA93495E297D1D7A00B77A41 /* firstStartAppFunc.swift in Sources */,
				FAC598BD297B8C4700E67AEF /* SettingViewController.swift in Sources */,
				FA798A1E2980FE10003FAD3F /* FontChangeViewController.swift in Sources */,
				FA798A40298246D8003FAD3F /* OpenSourceTableViewCell.swift in Sources */,
				FAC598BB297B8C3300E67AEF /* DiaryViewController.swift in Sources */,
				FA798A4529824E1C003FAD3F /* IndicatorView.swift in Sources */,
				FA798A17297FC2C2003FAD3F /* DIARYDATA+CoreDataClass.swift in Sources */,
				FA798A1B297FC2CC003FAD3F /* MEMODATA+CoreDataProperties.swift in Sources */,
				FA934950297BC1F200B77A41 /* MemoTableViewCell.swift in Sources */,
				FA93497E297FBC9B00B77A41 /* MemoryMoment.xcdatamodeld in Sources */,
				FAC598B7297B8BCF00E67AEF /* TabBarViewController.swift in Sources */,
				FA798A2029810408003FAD3F /* OpenSourceViewController.swift in Sources */,
				FA934952297BC37200B77A41 /* CALayer.swift in Sources */,
				FA93494E297BB2EA00B77A41 /* UIView.swift in Sources */,
				FA798A2C2981111C003FAD3F /* UIFont.swift in Sources */,
				FA43ED7D297A45E4000DA9BD /* SceneDelegate.swift in Sources */,
				FA798A2A29810D17003FAD3F /* FontChangeTableViewCell.swift in Sources */,
				FA934964297D286D00B77A41 /* UINavigationController.swift in Sources */,
			);
			runOnlyForDeploymentPostprocessing = 0;
		};
		FA43ED8C297A45E6000DA9BD /* Sources */ = {
			isa = PBXSourcesBuildPhase;
			buildActionMask = 2147483647;
			files = (
				FA43ED95297A45E6000DA9BD /* MemoryMomentTests.swift in Sources */,
			);
			runOnlyForDeploymentPostprocessing = 0;
		};
		FA43ED96297A45E6000DA9BD /* Sources */ = {
			isa = PBXSourcesBuildPhase;
			buildActionMask = 2147483647;
			files = (
				FA43ED9F297A45E6000DA9BD /* MemoryMomentUITests.swift in Sources */,
				FA43EDA1297A45E6000DA9BD /* MemoryMomentUITestsLaunchTests.swift in Sources */,
			);
			runOnlyForDeploymentPostprocessing = 0;
		};
/* End PBXSourcesBuildPhase section */

/* Begin PBXTargetDependency section */
		FA43ED92297A45E6000DA9BD /* PBXTargetDependency */ = {
			isa = PBXTargetDependency;
			target = FA43ED76297A45E4000DA9BD /* MemoryMoment */;
			targetProxy = FA43ED91297A45E6000DA9BD /* PBXContainerItemProxy */;
		};
		FA43ED9C297A45E6000DA9BD /* PBXTargetDependency */ = {
			isa = PBXTargetDependency;
			target = FA43ED76297A45E4000DA9BD /* MemoryMoment */;
			targetProxy = FA43ED9B297A45E6000DA9BD /* PBXContainerItemProxy */;
		};
/* End PBXTargetDependency section */

/* Begin PBXVariantGroup section */
		FA43ED88297A45E5000DA9BD /* LaunchScreen.storyboard */ = {
			isa = PBXVariantGroup;
			children = (
				FA43ED89297A45E5000DA9BD /* Base */,
			);
			name = LaunchScreen.storyboard;
			sourceTree = "<group>";
		};
/* End PBXVariantGroup section */

/* Begin XCBuildConfiguration section */
		FA43EDA2297A45E6000DA9BD /* Debug */ = {
			isa = XCBuildConfiguration;
			buildSettings = {
				ALWAYS_SEARCH_USER_PATHS = NO;
				CLANG_ANALYZER_NONNULL = YES;
				CLANG_ANALYZER_NUMBER_OBJECT_CONVERSION = YES_AGGRESSIVE;
				CLANG_CXX_LANGUAGE_STANDARD = "gnu++20";
				CLANG_ENABLE_MODULES = YES;
				CLANG_ENABLE_OBJC_ARC = YES;
				CLANG_ENABLE_OBJC_WEAK = YES;
				CLANG_WARN_BLOCK_CAPTURE_AUTORELEASING = YES;
				CLANG_WARN_BOOL_CONVERSION = YES;
				CLANG_WARN_COMMA = YES;
				CLANG_WARN_CONSTANT_CONVERSION = YES;
				CLANG_WARN_DEPRECATED_OBJC_IMPLEMENTATIONS = YES;
				CLANG_WARN_DIRECT_OBJC_ISA_USAGE = YES_ERROR;
				CLANG_WARN_DOCUMENTATION_COMMENTS = YES;
				CLANG_WARN_EMPTY_BODY = YES;
				CLANG_WARN_ENUM_CONVERSION = YES;
				CLANG_WARN_INFINITE_RECURSION = YES;
				CLANG_WARN_INT_CONVERSION = YES;
				CLANG_WARN_NON_LITERAL_NULL_CONVERSION = YES;
				CLANG_WARN_OBJC_IMPLICIT_RETAIN_SELF = YES;
				CLANG_WARN_OBJC_LITERAL_CONVERSION = YES;
				CLANG_WARN_OBJC_ROOT_CLASS = YES_ERROR;
				CLANG_WARN_QUOTED_INCLUDE_IN_FRAMEWORK_HEADER = YES;
				CLANG_WARN_RANGE_LOOP_ANALYSIS = YES;
				CLANG_WARN_STRICT_PROTOTYPES = YES;
				CLANG_WARN_SUSPICIOUS_MOVE = YES;
				CLANG_WARN_UNGUARDED_AVAILABILITY = YES_AGGRESSIVE;
				CLANG_WARN_UNREACHABLE_CODE = YES;
				CLANG_WARN__DUPLICATE_METHOD_MATCH = YES;
				COPY_PHASE_STRIP = NO;
				DEBUG_INFORMATION_FORMAT = dwarf;
				ENABLE_STRICT_OBJC_MSGSEND = YES;
				ENABLE_TESTABILITY = YES;
				GCC_C_LANGUAGE_STANDARD = gnu11;
				GCC_DYNAMIC_NO_PIC = NO;
				GCC_NO_COMMON_BLOCKS = YES;
				GCC_OPTIMIZATION_LEVEL = 0;
				GCC_PREPROCESSOR_DEFINITIONS = (
					"DEBUG=1",
					"$(inherited)",
				);
				GCC_WARN_64_TO_32_BIT_CONVERSION = YES;
				GCC_WARN_ABOUT_RETURN_TYPE = YES_ERROR;
				GCC_WARN_UNDECLARED_SELECTOR = YES;
				GCC_WARN_UNINITIALIZED_AUTOS = YES_AGGRESSIVE;
				GCC_WARN_UNUSED_FUNCTION = YES;
				GCC_WARN_UNUSED_VARIABLE = YES;
				IPHONEOS_DEPLOYMENT_TARGET = 16.0;
				MTL_ENABLE_DEBUG_INFO = INCLUDE_SOURCE;
				MTL_FAST_MATH = YES;
				ONLY_ACTIVE_ARCH = YES;
				SDKROOT = iphoneos;
				SWIFT_ACTIVE_COMPILATION_CONDITIONS = DEBUG;
				SWIFT_OPTIMIZATION_LEVEL = "-Onone";
				SWIFT_VERSION = "";
			};
			name = Debug;
		};
		FA43EDA3297A45E6000DA9BD /* Release */ = {
			isa = XCBuildConfiguration;
			buildSettings = {
				ALWAYS_SEARCH_USER_PATHS = NO;
				CLANG_ANALYZER_NONNULL = YES;
				CLANG_ANALYZER_NUMBER_OBJECT_CONVERSION = YES_AGGRESSIVE;
				CLANG_CXX_LANGUAGE_STANDARD = "gnu++20";
				CLANG_ENABLE_MODULES = YES;
				CLANG_ENABLE_OBJC_ARC = YES;
				CLANG_ENABLE_OBJC_WEAK = YES;
				CLANG_WARN_BLOCK_CAPTURE_AUTORELEASING = YES;
				CLANG_WARN_BOOL_CONVERSION = YES;
				CLANG_WARN_COMMA = YES;
				CLANG_WARN_CONSTANT_CONVERSION = YES;
				CLANG_WARN_DEPRECATED_OBJC_IMPLEMENTATIONS = YES;
				CLANG_WARN_DIRECT_OBJC_ISA_USAGE = YES_ERROR;
				CLANG_WARN_DOCUMENTATION_COMMENTS = YES;
				CLANG_WARN_EMPTY_BODY = YES;
				CLANG_WARN_ENUM_CONVERSION = YES;
				CLANG_WARN_INFINITE_RECURSION = YES;
				CLANG_WARN_INT_CONVERSION = YES;
				CLANG_WARN_NON_LITERAL_NULL_CONVERSION = YES;
				CLANG_WARN_OBJC_IMPLICIT_RETAIN_SELF = YES;
				CLANG_WARN_OBJC_LITERAL_CONVERSION = YES;
				CLANG_WARN_OBJC_ROOT_CLASS = YES_ERROR;
				CLANG_WARN_QUOTED_INCLUDE_IN_FRAMEWORK_HEADER = YES;
				CLANG_WARN_RANGE_LOOP_ANALYSIS = YES;
				CLANG_WARN_STRICT_PROTOTYPES = YES;
				CLANG_WARN_SUSPICIOUS_MOVE = YES;
				CLANG_WARN_UNGUARDED_AVAILABILITY = YES_AGGRESSIVE;
				CLANG_WARN_UNREACHABLE_CODE = YES;
				CLANG_WARN__DUPLICATE_METHOD_MATCH = YES;
				COPY_PHASE_STRIP = NO;
				DEBUG_INFORMATION_FORMAT = "dwarf-with-dsym";
				ENABLE_NS_ASSERTIONS = NO;
				ENABLE_STRICT_OBJC_MSGSEND = YES;
				GCC_C_LANGUAGE_STANDARD = gnu11;
				GCC_NO_COMMON_BLOCKS = YES;
				GCC_WARN_64_TO_32_BIT_CONVERSION = YES;
				GCC_WARN_ABOUT_RETURN_TYPE = YES_ERROR;
				GCC_WARN_UNDECLARED_SELECTOR = YES;
				GCC_WARN_UNINITIALIZED_AUTOS = YES_AGGRESSIVE;
				GCC_WARN_UNUSED_FUNCTION = YES;
				GCC_WARN_UNUSED_VARIABLE = YES;
				IPHONEOS_DEPLOYMENT_TARGET = 16.0;
				MTL_ENABLE_DEBUG_INFO = NO;
				MTL_FAST_MATH = YES;
				SDKROOT = iphoneos;
				SWIFT_COMPILATION_MODE = wholemodule;
				SWIFT_OPTIMIZATION_LEVEL = "-O";
				SWIFT_VERSION = "";
				VALIDATE_PRODUCT = YES;
			};
			name = Release;
		};
		FA43EDA5297A45E6000DA9BD /* Debug */ = {
			isa = XCBuildConfiguration;
			baseConfigurationReference = F29789B6B158922F9AF31DBD /* Pods-MemoryMoment.debug.xcconfig */;
			buildSettings = {
				ASSETCATALOG_COMPILER_APPICON_NAME = AppIcon;
				ASSETCATALOG_COMPILER_GLOBAL_ACCENT_COLOR_NAME = AccentColor;
				CODE_SIGN_IDENTITY = "Apple Development";
				CODE_SIGN_STYLE = Automatic;
				CURRENT_PROJECT_VERSION = 1;
				DEVELOPMENT_TEAM = WJVGRM2SN6;
				GENERATE_INFOPLIST_FILE = YES;
				INFOPLIST_FILE = MemoryMoment/Info.plist;
				INFOPLIST_KEY_CFBundleDisplayName = "모모";
				INFOPLIST_KEY_LSApplicationCategoryType = "public.app-category.productivity";
				INFOPLIST_KEY_UIApplicationSupportsIndirectInputEvents = YES;
				INFOPLIST_KEY_UILaunchStoryboardName = LaunchScreen;
				INFOPLIST_KEY_UIStatusBarStyle = UIStatusBarStyleDarkContent;
				INFOPLIST_KEY_UISupportedInterfaceOrientations = UIInterfaceOrientationPortrait;
				INFOPLIST_KEY_UISupportedInterfaceOrientations_iPad = "UIInterfaceOrientationLandscapeLeft UIInterfaceOrientationLandscapeRight UIInterfaceOrientationPortrait UIInterfaceOrientationPortraitUpsideDown";
				INFOPLIST_KEY_UIUserInterfaceStyle = Light;
				LD_RUNPATH_SEARCH_PATHS = (
					"$(inherited)",
					"@executable_path/Frameworks",
				);
				MARKETING_VERSION = 1.2;
				PRODUCT_BUNDLE_IDENTIFIER = Com.Henry.MemoryMoment;
				PRODUCT_NAME = "$(TARGET_NAME)";
				PROVISIONING_PROFILE_SPECIFIER = "";
				SUPPORTED_PLATFORMS = "iphoneos iphonesimulator";
				SUPPORTS_MACCATALYST = NO;
				SUPPORTS_MAC_DESIGNED_FOR_IPHONE_IPAD = NO;
				SWIFT_EMIT_LOC_STRINGS = YES;
				SWIFT_VERSION = 5.0;
				TARGETED_DEVICE_FAMILY = 1;
			};
			name = Debug;
		};
		FA43EDA6297A45E6000DA9BD /* Release */ = {
			isa = XCBuildConfiguration;
			baseConfigurationReference = 8D4E7F07A7C9D8B761002156 /* Pods-MemoryMoment.release.xcconfig */;
			buildSettings = {
				ASSETCATALOG_COMPILER_APPICON_NAME = AppIcon;
				ASSETCATALOG_COMPILER_GLOBAL_ACCENT_COLOR_NAME = AccentColor;
				CODE_SIGN_STYLE = Automatic;
				CURRENT_PROJECT_VERSION = 1;
				DEVELOPMENT_TEAM = WJVGRM2SN6;
				GENERATE_INFOPLIST_FILE = YES;
				INFOPLIST_FILE = MemoryMoment/Info.plist;
				INFOPLIST_KEY_CFBundleDisplayName = "모모";
				INFOPLIST_KEY_LSApplicationCategoryType = "public.app-category.productivity";
				INFOPLIST_KEY_UIApplicationSupportsIndirectInputEvents = YES;
				INFOPLIST_KEY_UILaunchStoryboardName = LaunchScreen;
				INFOPLIST_KEY_UIStatusBarStyle = UIStatusBarStyleDarkContent;
				INFOPLIST_KEY_UISupportedInterfaceOrientations = UIInterfaceOrientationPortrait;
				INFOPLIST_KEY_UISupportedInterfaceOrientations_iPad = "UIInterfaceOrientationLandscapeLeft UIInterfaceOrientationLandscapeRight UIInterfaceOrientationPortrait UIInterfaceOrientationPortraitUpsideDown";
				INFOPLIST_KEY_UIUserInterfaceStyle = Light;
				LD_RUNPATH_SEARCH_PATHS = (
					"$(inherited)",
					"@executable_path/Frameworks",
				);
				MARKETING_VERSION = 1.2;
				PRODUCT_BUNDLE_IDENTIFIER = Com.Henry.MemoryMoment;
				PRODUCT_NAME = "$(TARGET_NAME)";
				SUPPORTED_PLATFORMS = "iphoneos iphonesimulator";
				SUPPORTS_MACCATALYST = NO;
				SUPPORTS_MAC_DESIGNED_FOR_IPHONE_IPAD = NO;
				SWIFT_EMIT_LOC_STRINGS = YES;
				SWIFT_VERSION = 5.0;
				TARGETED_DEVICE_FAMILY = 1;
			};
			name = Release;
		};
		FA43EDA8297A45E6000DA9BD /* Debug */ = {
			isa = XCBuildConfiguration;
			baseConfigurationReference = B6096B9C187527C78B8CC134 /* Pods-MemoryMomentTests.debug.xcconfig */;
			buildSettings = {
				ALWAYS_EMBED_SWIFT_STANDARD_LIBRARIES = YES;
				BUNDLE_LOADER = "$(TEST_HOST)";
				CODE_SIGN_STYLE = Automatic;
				CURRENT_PROJECT_VERSION = 1;
				DEVELOPMENT_TEAM = WJVGRM2SN6;
				GENERATE_INFOPLIST_FILE = YES;
				IPHONEOS_DEPLOYMENT_TARGET = 16.1;
				MARKETING_VERSION = 1.0;
				PRODUCT_BUNDLE_IDENTIFIER = WooSeob.MemoryMomentTests;
				PRODUCT_NAME = "$(TARGET_NAME)";
				SWIFT_EMIT_LOC_STRINGS = NO;
				SWIFT_VERSION = 5.0;
				TARGETED_DEVICE_FAMILY = "1,2";
				TEST_HOST = "$(BUILT_PRODUCTS_DIR)/MemoryMoment.app/$(BUNDLE_EXECUTABLE_FOLDER_PATH)/MemoryMoment";
			};
			name = Debug;
		};
		FA43EDA9297A45E6000DA9BD /* Release */ = {
			isa = XCBuildConfiguration;
			baseConfigurationReference = A9AF8849919339F5FECA8016 /* Pods-MemoryMomentTests.release.xcconfig */;
			buildSettings = {
				ALWAYS_EMBED_SWIFT_STANDARD_LIBRARIES = YES;
				BUNDLE_LOADER = "$(TEST_HOST)";
				CODE_SIGN_STYLE = Automatic;
				CURRENT_PROJECT_VERSION = 1;
				DEVELOPMENT_TEAM = WJVGRM2SN6;
				GENERATE_INFOPLIST_FILE = YES;
				IPHONEOS_DEPLOYMENT_TARGET = 16.1;
				MARKETING_VERSION = 1.0;
				PRODUCT_BUNDLE_IDENTIFIER = WooSeob.MemoryMomentTests;
				PRODUCT_NAME = "$(TARGET_NAME)";
				SWIFT_EMIT_LOC_STRINGS = NO;
				SWIFT_VERSION = 5.0;
				TARGETED_DEVICE_FAMILY = "1,2";
				TEST_HOST = "$(BUILT_PRODUCTS_DIR)/MemoryMoment.app/$(BUNDLE_EXECUTABLE_FOLDER_PATH)/MemoryMoment";
			};
			name = Release;
		};
		FA43EDAB297A45E6000DA9BD /* Debug */ = {
			isa = XCBuildConfiguration;
			baseConfigurationReference = 8221759BA5D9F182C349B14D /* Pods-MemoryMoment-MemoryMomentUITests.debug.xcconfig */;
			buildSettings = {
				ALWAYS_EMBED_SWIFT_STANDARD_LIBRARIES = YES;
				CODE_SIGN_STYLE = Automatic;
				CURRENT_PROJECT_VERSION = 1;
				DEVELOPMENT_TEAM = WJVGRM2SN6;
				GENERATE_INFOPLIST_FILE = YES;
				MARKETING_VERSION = 1.0;
				PRODUCT_BUNDLE_IDENTIFIER = WooSeob.MemoryMomentUITests;
				PRODUCT_NAME = "$(TARGET_NAME)";
				SWIFT_EMIT_LOC_STRINGS = NO;
				SWIFT_VERSION = 5.0;
				TARGETED_DEVICE_FAMILY = "1,2";
				TEST_TARGET_NAME = MemoryMoment;
			};
			name = Debug;
		};
		FA43EDAC297A45E6000DA9BD /* Release */ = {
			isa = XCBuildConfiguration;
			baseConfigurationReference = 75F2261A2B14C44DFECA8D94 /* Pods-MemoryMoment-MemoryMomentUITests.release.xcconfig */;
			buildSettings = {
				ALWAYS_EMBED_SWIFT_STANDARD_LIBRARIES = YES;
				CODE_SIGN_STYLE = Automatic;
				CURRENT_PROJECT_VERSION = 1;
				DEVELOPMENT_TEAM = WJVGRM2SN6;
				GENERATE_INFOPLIST_FILE = YES;
				MARKETING_VERSION = 1.0;
				PRODUCT_BUNDLE_IDENTIFIER = WooSeob.MemoryMomentUITests;
				PRODUCT_NAME = "$(TARGET_NAME)";
				SWIFT_EMIT_LOC_STRINGS = NO;
				SWIFT_VERSION = 5.0;
				TARGETED_DEVICE_FAMILY = "1,2";
				TEST_TARGET_NAME = MemoryMoment;
			};
			name = Release;
		};
/* End XCBuildConfiguration section */

/* Begin XCConfigurationList section */
		FA43ED72297A45E4000DA9BD /* Build configuration list for PBXProject "MemoryMoment" */ = {
			isa = XCConfigurationList;
			buildConfigurations = (
				FA43EDA2297A45E6000DA9BD /* Debug */,
				FA43EDA3297A45E6000DA9BD /* Release */,
			);
			defaultConfigurationIsVisible = 0;
			defaultConfigurationName = Release;
		};
		FA43EDA4297A45E6000DA9BD /* Build configuration list for PBXNativeTarget "MemoryMoment" */ = {
			isa = XCConfigurationList;
			buildConfigurations = (
				FA43EDA5297A45E6000DA9BD /* Debug */,
				FA43EDA6297A45E6000DA9BD /* Release */,
			);
			defaultConfigurationIsVisible = 0;
			defaultConfigurationName = Release;
		};
		FA43EDA7297A45E6000DA9BD /* Build configuration list for PBXNativeTarget "MemoryMomentTests" */ = {
			isa = XCConfigurationList;
			buildConfigurations = (
				FA43EDA8297A45E6000DA9BD /* Debug */,
				FA43EDA9297A45E6000DA9BD /* Release */,
			);
			defaultConfigurationIsVisible = 0;
			defaultConfigurationName = Release;
		};
		FA43EDAA297A45E6000DA9BD /* Build configuration list for PBXNativeTarget "MemoryMomentUITests" */ = {
			isa = XCConfigurationList;
			buildConfigurations = (
				FA43EDAB297A45E6000DA9BD /* Debug */,
				FA43EDAC297A45E6000DA9BD /* Release */,
			);
			defaultConfigurationIsVisible = 0;
			defaultConfigurationName = Release;
		};
/* End XCConfigurationList section */

/* Begin XCVersionGroup section */
		FA93497C297FBC9B00B77A41 /* MemoryMoment.xcdatamodeld */ = {
			isa = XCVersionGroup;
			children = (
				FA93497D297FBC9B00B77A41 /* MemoryMoment.xcdatamodel */,
			);
			currentVersion = FA93497D297FBC9B00B77A41 /* MemoryMoment.xcdatamodel */;
			path = MemoryMoment.xcdatamodeld;
			sourceTree = "<group>";
			versionGroupType = wrapper.xcdatamodel;
		};
/* End XCVersionGroup section */
	};
	rootObject = FA43ED6F297A45E4000DA9BD /* Project object */;
}
